
Microsoft Visual Studio Solution File, Format Version 12.00
# Visual Studio Version 17
VisualStudioVersion = 17.1.32414.318
MinimumVisualStudioVersion = 10.0.40219.1
Project("{FAE04EC0-301F-11D3-BF4B-00C04F79EFBC}") = "STU.LVTN.SERVER", "STU.LVTN.SERVER.csproj", "{B22D9B44-9B30-471F-A6D5-73A33278EA31}"
EndProject
Global
	GlobalSection(SolutionConfigurationPlatforms) = preSolution
		Debug|Any CPU = Debug|Any CPU
		Release|Any CPU = Release|Any CPU
	EndGlobalSection
	GlobalSection(ProjectConfigurationPlatforms) = postSolution
		{B22D9B44-9B30-471F-A6D5-73A33278EA31}.Debug|Any CPU.ActiveCfg = Debug|Any CPU
		{B22D9B44-9B30-471F-A6D5-73A33278EA31}.Debug|Any CPU.Build.0 = Debug|Any CPU
		{B22D9B44-9B30-471F-A6D5-73A33278EA31}.Release|Any CPU.ActiveCfg = Release|Any CPU
		{B22D9B44-9B30-471F-A6D5-73A33278EA31}.Release|Any CPU.Build.0 = Release|Any CPU
	EndGlobalSection
	GlobalSection(SolutionProperties) = preSolution
		HideSolutionNode = FALSE
	EndGlobalSection
	GlobalSection(ExtensibilityGlobals) = postSolution
		SolutionGuid = {D944768F-7189-4BD2-8A3A-86DB73C33E6B}
	EndGlobalSection
EndGlobal
